// !$*UTF8*$!
{
	archiveVersion = 1;
	classes = {
	};
	objectVersion = 55;
	objects = {

/* Begin PBXBuildFile section */
		B9536D282859DCB500823BEA /* GiifyCollectionViewCell.swift in Sources */ = {isa = PBXBuildFile; fileRef = B9536D262859DCB500823BEA /* GiifyCollectionViewCell.swift */; };
		B9536D292859DCB500823BEA /* GiifyCollectionViewCell.xib in Resources */ = {isa = PBXBuildFile; fileRef = B9536D272859DCB500823BEA /* GiifyCollectionViewCell.xib */; };
		B9536D322859E26200823BEA /* APIGifyService.swift in Sources */ = {isa = PBXBuildFile; fileRef = B9536D2B2859E26200823BEA /* APIGifyService.swift */; };
		B9536D332859E26200823BEA /* GiffyServiceUtil.swift in Sources */ = {isa = PBXBuildFile; fileRef = B9536D2C2859E26200823BEA /* GiffyServiceUtil.swift */; };
		B9536D342859E26200823BEA /* APIService+URL.swift in Sources */ = {isa = PBXBuildFile; fileRef = B9536D2D2859E26200823BEA /* APIService+URL.swift */; };
		B9536D352859E26200823BEA /* BaseModel+Helper.swift in Sources */ = {isa = PBXBuildFile; fileRef = B9536D2F2859E26200823BEA /* BaseModel+Helper.swift */; };
		B9536D362859E26200823BEA /* BaseModel.swift in Sources */ = {isa = PBXBuildFile; fileRef = B9536D302859E26200823BEA /* BaseModel.swift */; };
		B9536D372859E26200823BEA /* APIService+Helper.swift in Sources */ = {isa = PBXBuildFile; fileRef = B9536D312859E26200823BEA /* APIService+Helper.swift */; };
		B9536D392859E59700823BEA /* GiffyPlist.plist in Resources */ = {isa = PBXBuildFile; fileRef = B9536D382859E59700823BEA /* GiffyPlist.plist */; };
		B9536D3C2859E7FC00823BEA /* Alamofire in Frameworks */ = {isa = PBXBuildFile; productRef = B9536D3B2859E7FC00823BEA /* Alamofire */; };
		B9536D412859F0C300823BEA /* GifAPIRepository.swift in Sources */ = {isa = PBXBuildFile; fileRef = B9536D402859F0C300823BEA /* GifAPIRepository.swift */; };
		B9536D442859F51100823BEA /* TrendingGifModel.swift in Sources */ = {isa = PBXBuildFile; fileRef = B9536D432859F51100823BEA /* TrendingGifModel.swift */; };
		B995D3B32859CBD600F91C18 /* AppDelegate.swift in Sources */ = {isa = PBXBuildFile; fileRef = B995D3B22859CBD600F91C18 /* AppDelegate.swift */; };
		B995D3B52859CBD600F91C18 /* SceneDelegate.swift in Sources */ = {isa = PBXBuildFile; fileRef = B995D3B42859CBD600F91C18 /* SceneDelegate.swift */; };
		B995D3BA2859CBD600F91C18 /* Main.storyboard in Resources */ = {isa = PBXBuildFile; fileRef = B995D3B82859CBD600F91C18 /* Main.storyboard */; };
		B995D3BC2859CBD700F91C18 /* Assets.xcassets in Resources */ = {isa = PBXBuildFile; fileRef = B995D3BB2859CBD700F91C18 /* Assets.xcassets */; };
		B995D3BF2859CBD700F91C18 /* LaunchScreen.storyboard in Resources */ = {isa = PBXBuildFile; fileRef = B995D3BD2859CBD700F91C18 /* LaunchScreen.storyboard */; };
		B995D3CA2859CBD700F91C18 /* GiffyTests.swift in Sources */ = {isa = PBXBuildFile; fileRef = B995D3C92859CBD700F91C18 /* GiffyTests.swift */; };
		B995D3D42859CBD700F91C18 /* GiffyUITests.swift in Sources */ = {isa = PBXBuildFile; fileRef = B995D3D32859CBD700F91C18 /* GiffyUITests.swift */; };
		B995D3D62859CBD700F91C18 /* GiffyUITestsLaunchTests.swift in Sources */ = {isa = PBXBuildFile; fileRef = B995D3D52859CBD700F91C18 /* GiffyUITestsLaunchTests.swift */; };
		B995D3EA2859CC4C00F91C18 /* GiffyListViewModel.swift in Sources */ = {isa = PBXBuildFile; fileRef = B995D3E52859CC4C00F91C18 /* GiffyListViewModel.swift */; };
		B995D3EB2859CC4C00F91C18 /* GiffyListViewCoordinator.swift in Sources */ = {isa = PBXBuildFile; fileRef = B995D3E72859CC4C00F91C18 /* GiffyListViewCoordinator.swift */; };
		B995D3EC2859CC4C00F91C18 /* GiffyListViewController.swift in Sources */ = {isa = PBXBuildFile; fileRef = B995D3E92859CC4C00F91C18 /* GiffyListViewController.swift */; };
		B995D3F42859CC9E00F91C18 /* Coordinator.swift in Sources */ = {isa = PBXBuildFile; fileRef = B995D3F22859CC9E00F91C18 /* Coordinator.swift */; };
		B995D3F82859CD2B00F91C18 /* UIView+NibRepresentable.swift in Sources */ = {isa = PBXBuildFile; fileRef = B995D3F72859CD2B00F91C18 /* UIView+NibRepresentable.swift */; };
		B995D3FF2859D4A400F91C18 /* LoadingCollectionCell.xib in Resources */ = {isa = PBXBuildFile; fileRef = B995D3FC2859D4A300F91C18 /* LoadingCollectionCell.xib */; };
		B995D4002859D4A400F91C18 /* LoadingItem.swift in Sources */ = {isa = PBXBuildFile; fileRef = B995D3FD2859D4A300F91C18 /* LoadingItem.swift */; };
		B995D4012859D4A400F91C18 /* LoadingCollectionCell.swift in Sources */ = {isa = PBXBuildFile; fileRef = B995D3FE2859D4A300F91C18 /* LoadingCollectionCell.swift */; };
		B995D4032859D5EF00F91C18 /* UICollectionView+Extension.swift in Sources */ = {isa = PBXBuildFile; fileRef = B995D4022859D5EF00F91C18 /* UICollectionView+Extension.swift */; };
/* End PBXBuildFile section */

/* Begin PBXContainerItemProxy section */
		B995D3C62859CBD700F91C18 /* PBXContainerItemProxy */ = {
			isa = PBXContainerItemProxy;
			containerPortal = B995D3A72859CBD600F91C18 /* Project object */;
			proxyType = 1;
			remoteGlobalIDString = B995D3AE2859CBD600F91C18;
			remoteInfo = Giffy;
		};
		B995D3D02859CBD700F91C18 /* PBXContainerItemProxy */ = {
			isa = PBXContainerItemProxy;
			containerPortal = B995D3A72859CBD600F91C18 /* Project object */;
			proxyType = 1;
			remoteGlobalIDString = B995D3AE2859CBD600F91C18;
			remoteInfo = Giffy;
		};
/* End PBXContainerItemProxy section */

/* Begin PBXFileReference section */
		B9536D262859DCB500823BEA /* GiifyCollectionViewCell.swift */ = {isa = PBXFileReference; lastKnownFileType = sourcecode.swift; path = GiifyCollectionViewCell.swift; sourceTree = "<group>"; };
		B9536D272859DCB500823BEA /* GiifyCollectionViewCell.xib */ = {isa = PBXFileReference; lastKnownFileType = file.xib; path = GiifyCollectionViewCell.xib; sourceTree = "<group>"; };
		B9536D2B2859E26200823BEA /* APIGifyService.swift */ = {isa = PBXFileReference; fileEncoding = 4; lastKnownFileType = sourcecode.swift; path = APIGifyService.swift; sourceTree = "<group>"; };
		B9536D2C2859E26200823BEA /* GiffyServiceUtil.swift */ = {isa = PBXFileReference; fileEncoding = 4; lastKnownFileType = sourcecode.swift; path = GiffyServiceUtil.swift; sourceTree = "<group>"; };
		B9536D2D2859E26200823BEA /* APIService+URL.swift */ = {isa = PBXFileReference; fileEncoding = 4; lastKnownFileType = sourcecode.swift; path = "APIService+URL.swift"; sourceTree = "<group>"; };
		B9536D2F2859E26200823BEA /* BaseModel+Helper.swift */ = {isa = PBXFileReference; fileEncoding = 4; lastKnownFileType = sourcecode.swift; path = "BaseModel+Helper.swift"; sourceTree = "<group>"; };
		B9536D302859E26200823BEA /* BaseModel.swift */ = {isa = PBXFileReference; fileEncoding = 4; lastKnownFileType = sourcecode.swift; path = BaseModel.swift; sourceTree = "<group>"; };
		B9536D312859E26200823BEA /* APIService+Helper.swift */ = {isa = PBXFileReference; fileEncoding = 4; lastKnownFileType = sourcecode.swift; path = "APIService+Helper.swift"; sourceTree = "<group>"; };
		B9536D382859E59700823BEA /* GiffyPlist.plist */ = {isa = PBXFileReference; fileEncoding = 4; lastKnownFileType = text.plist.xml; path = GiffyPlist.plist; sourceTree = "<group>"; };
		B9536D402859F0C300823BEA /* GifAPIRepository.swift */ = {isa = PBXFileReference; lastKnownFileType = sourcecode.swift; path = GifAPIRepository.swift; sourceTree = "<group>"; };
		B9536D432859F51100823BEA /* TrendingGifModel.swift */ = {isa = PBXFileReference; lastKnownFileType = sourcecode.swift; path = TrendingGifModel.swift; sourceTree = "<group>"; };
		B995D3AF2859CBD600F91C18 /* Giffy.app */ = {isa = PBXFileReference; explicitFileType = wrapper.application; includeInIndex = 0; path = Giffy.app; sourceTree = BUILT_PRODUCTS_DIR; };
		B995D3B22859CBD600F91C18 /* AppDelegate.swift */ = {isa = PBXFileReference; lastKnownFileType = sourcecode.swift; path = AppDelegate.swift; sourceTree = "<group>"; };
		B995D3B42859CBD600F91C18 /* SceneDelegate.swift */ = {isa = PBXFileReference; lastKnownFileType = sourcecode.swift; path = SceneDelegate.swift; sourceTree = "<group>"; };
		B995D3B92859CBD600F91C18 /* Base */ = {isa = PBXFileReference; lastKnownFileType = file.storyboard; name = Base; path = Base.lproj/Main.storyboard; sourceTree = "<group>"; };
		B995D3BB2859CBD700F91C18 /* Assets.xcassets */ = {isa = PBXFileReference; lastKnownFileType = folder.assetcatalog; path = Assets.xcassets; sourceTree = "<group>"; };
		B995D3BE2859CBD700F91C18 /* Base */ = {isa = PBXFileReference; lastKnownFileType = file.storyboard; name = Base; path = Base.lproj/LaunchScreen.storyboard; sourceTree = "<group>"; };
		B995D3C02859CBD700F91C18 /* Info.plist */ = {isa = PBXFileReference; lastKnownFileType = text.plist.xml; path = Info.plist; sourceTree = "<group>"; };
		B995D3C52859CBD700F91C18 /* GiffyTests.xctest */ = {isa = PBXFileReference; explicitFileType = wrapper.cfbundle; includeInIndex = 0; path = GiffyTests.xctest; sourceTree = BUILT_PRODUCTS_DIR; };
		B995D3C92859CBD700F91C18 /* GiffyTests.swift */ = {isa = PBXFileReference; lastKnownFileType = sourcecode.swift; path = GiffyTests.swift; sourceTree = "<group>"; };
		B995D3CF2859CBD700F91C18 /* GiffyUITests.xctest */ = {isa = PBXFileReference; explicitFileType = wrapper.cfbundle; includeInIndex = 0; path = GiffyUITests.xctest; sourceTree = BUILT_PRODUCTS_DIR; };
		B995D3D32859CBD700F91C18 /* GiffyUITests.swift */ = {isa = PBXFileReference; lastKnownFileType = sourcecode.swift; path = GiffyUITests.swift; sourceTree = "<group>"; };
		B995D3D52859CBD700F91C18 /* GiffyUITestsLaunchTests.swift */ = {isa = PBXFileReference; lastKnownFileType = sourcecode.swift; path = GiffyUITestsLaunchTests.swift; sourceTree = "<group>"; };
		B995D3E52859CC4C00F91C18 /* GiffyListViewModel.swift */ = {isa = PBXFileReference; fileEncoding = 4; lastKnownFileType = sourcecode.swift; path = GiffyListViewModel.swift; sourceTree = "<group>"; };
		B995D3E72859CC4C00F91C18 /* GiffyListViewCoordinator.swift */ = {isa = PBXFileReference; fileEncoding = 4; lastKnownFileType = sourcecode.swift; path = GiffyListViewCoordinator.swift; sourceTree = "<group>"; };
		B995D3E92859CC4C00F91C18 /* GiffyListViewController.swift */ = {isa = PBXFileReference; fileEncoding = 4; lastKnownFileType = sourcecode.swift; path = GiffyListViewController.swift; sourceTree = "<group>"; };
		B995D3F22859CC9E00F91C18 /* Coordinator.swift */ = {isa = PBXFileReference; fileEncoding = 4; lastKnownFileType = sourcecode.swift; path = Coordinator.swift; sourceTree = "<group>"; };
		B995D3F72859CD2B00F91C18 /* UIView+NibRepresentable.swift */ = {isa = PBXFileReference; fileEncoding = 4; lastKnownFileType = sourcecode.swift; path = "UIView+NibRepresentable.swift"; sourceTree = "<group>"; };
		B995D3FC2859D4A300F91C18 /* LoadingCollectionCell.xib */ = {isa = PBXFileReference; fileEncoding = 4; lastKnownFileType = file.xib; path = LoadingCollectionCell.xib; sourceTree = "<group>"; };
		B995D3FD2859D4A300F91C18 /* LoadingItem.swift */ = {isa = PBXFileReference; fileEncoding = 4; lastKnownFileType = sourcecode.swift; path = LoadingItem.swift; sourceTree = "<group>"; };
		B995D3FE2859D4A300F91C18 /* LoadingCollectionCell.swift */ = {isa = PBXFileReference; fileEncoding = 4; lastKnownFileType = sourcecode.swift; path = LoadingCollectionCell.swift; sourceTree = "<group>"; };
		B995D4022859D5EF00F91C18 /* UICollectionView+Extension.swift */ = {isa = PBXFileReference; fileEncoding = 4; lastKnownFileType = sourcecode.swift; path = "UICollectionView+Extension.swift"; sourceTree = "<group>"; };
/* End PBXFileReference section */

/* Begin PBXFrameworksBuildPhase section */
		B995D3AC2859CBD600F91C18 /* Frameworks */ = {
			isa = PBXFrameworksBuildPhase;
			buildActionMask = 2147483647;
			files = (
				B9536D3C2859E7FC00823BEA /* Alamofire in Frameworks */,
			);
			runOnlyForDeploymentPostprocessing = 0;
		};
		B995D3C22859CBD700F91C18 /* Frameworks */ = {
			isa = PBXFrameworksBuildPhase;
			buildActionMask = 2147483647;
			files = (
			);
			runOnlyForDeploymentPostprocessing = 0;
		};
		B995D3CC2859CBD700F91C18 /* Frameworks */ = {
			isa = PBXFrameworksBuildPhase;
			buildActionMask = 2147483647;
			files = (
			);
			runOnlyForDeploymentPostprocessing = 0;
		};
/* End PBXFrameworksBuildPhase section */

/* Begin PBXGroup section */
		B9536D2A2859E26200823BEA /* WebService */ = {
			isa = PBXGroup;
			children = (
				B9536D2B2859E26200823BEA /* APIGifyService.swift */,
				B9536D2C2859E26200823BEA /* GiffyServiceUtil.swift */,
				B9536D2D2859E26200823BEA /* APIService+URL.swift */,
				B9536D2E2859E26200823BEA /* BaseModel */,
				B9536D312859E26200823BEA /* APIService+Helper.swift */,
			);
			path = WebService;
			sourceTree = "<group>";
		};
		B9536D2E2859E26200823BEA /* BaseModel */ = {
			isa = PBXGroup;
			children = (
				B9536D2F2859E26200823BEA /* BaseModel+Helper.swift */,
				B9536D302859E26200823BEA /* BaseModel.swift */,
			);
			path = BaseModel;
			sourceTree = "<group>";
		};
		B9536D3D2859F02F00823BEA /* APIRespository */ = {
			isa = PBXGroup;
			children = (
				B9536D402859F0C300823BEA /* GifAPIRepository.swift */,
			);
			path = APIRespository;
			sourceTree = "<group>";
		};
		B9536D422859F4FB00823BEA /* Model */ = {
			isa = PBXGroup;
			children = (
				B9536D432859F51100823BEA /* TrendingGifModel.swift */,
			);
			path = Model;
			sourceTree = "<group>";
		};
		B995D3A62859CBD600F91C18 = {
			isa = PBXGroup;
			children = (
				B995D3B12859CBD600F91C18 /* Giffy */,
				B995D3C82859CBD700F91C18 /* GiffyTests */,
				B995D3D22859CBD700F91C18 /* GiffyUITests */,
				B995D3B02859CBD600F91C18 /* Products */,
			);
			sourceTree = "<group>";
		};
		B995D3B02859CBD600F91C18 /* Products */ = {
			isa = PBXGroup;
			children = (
				B995D3AF2859CBD600F91C18 /* Giffy.app */,
				B995D3C52859CBD700F91C18 /* GiffyTests.xctest */,
				B995D3CF2859CBD700F91C18 /* GiffyUITests.xctest */,
			);
			name = Products;
			sourceTree = "<group>";
		};
		B995D3B12859CBD600F91C18 /* Giffy */ = {
			isa = PBXGroup;
			children = (
				B995D3E22859CBF200F91C18 /* Application */,
				B9536D422859F4FB00823BEA /* Model */,
				B995D3F92859D47000F91C18 /* Cells */,
				B9536D3D2859F02F00823BEA /* APIRespository */,
				B995D3E32859CC4C00F91C18 /* Controller */,
				B995D3ED2859CC9E00F91C18 /* Shared */,
				B995D3B82859CBD600F91C18 /* Main.storyboard */,
				B995D3BB2859CBD700F91C18 /* Assets.xcassets */,
				B995D3BD2859CBD700F91C18 /* LaunchScreen.storyboard */,
				B995D3C02859CBD700F91C18 /* Info.plist */,
			);
			path = Giffy;
			sourceTree = "<group>";
		};
		B995D3C82859CBD700F91C18 /* GiffyTests */ = {
			isa = PBXGroup;
			children = (
				B995D3C92859CBD700F91C18 /* GiffyTests.swift */,
			);
			path = GiffyTests;
			sourceTree = "<group>";
		};
		B995D3D22859CBD700F91C18 /* GiffyUITests */ = {
			isa = PBXGroup;
			children = (
				B995D3D32859CBD700F91C18 /* GiffyUITests.swift */,
				B995D3D52859CBD700F91C18 /* GiffyUITestsLaunchTests.swift */,
			);
			path = GiffyUITests;
			sourceTree = "<group>";
		};
		B995D3E22859CBF200F91C18 /* Application */ = {
			isa = PBXGroup;
			children = (
				B995D3B22859CBD600F91C18 /* AppDelegate.swift */,
				B995D3B42859CBD600F91C18 /* SceneDelegate.swift */,
			);
			path = Application;
			sourceTree = "<group>";
		};
		B995D3E32859CC4C00F91C18 /* Controller */ = {
			isa = PBXGroup;
			children = (
				B995D3E42859CC4C00F91C18 /* ViewModel */,
				B995D3E62859CC4C00F91C18 /* Coordinator */,
				B995D3E82859CC4C00F91C18 /* View */,
			);
			path = Controller;
			sourceTree = "<group>";
		};
		B995D3E42859CC4C00F91C18 /* ViewModel */ = {
			isa = PBXGroup;
			children = (
				B995D3E52859CC4C00F91C18 /* GiffyListViewModel.swift */,
			);
			path = ViewModel;
			sourceTree = "<group>";
		};
		B995D3E62859CC4C00F91C18 /* Coordinator */ = {
			isa = PBXGroup;
			children = (
				B995D3E72859CC4C00F91C18 /* GiffyListViewCoordinator.swift */,
			);
			path = Coordinator;
			sourceTree = "<group>";
		};
		B995D3E82859CC4C00F91C18 /* View */ = {
			isa = PBXGroup;
			children = (
				B995D3E92859CC4C00F91C18 /* GiffyListViewController.swift */,
			);
			path = View;
			sourceTree = "<group>";
		};
		B995D3ED2859CC9E00F91C18 /* Shared */ = {
			isa = PBXGroup;
			children = (
				B9536D382859E59700823BEA /* GiffyPlist.plist */,
				B9536D2A2859E26200823BEA /* WebService */,
				B995D3F52859CD0500F91C18 /* Extension */,
				B995D3F12859CC9E00F91C18 /* Protocols */,
			);
			path = Shared;
			sourceTree = "<group>";
		};
		B995D3F12859CC9E00F91C18 /* Protocols */ = {
			isa = PBXGroup;
			children = (
				B995D3F22859CC9E00F91C18 /* Coordinator.swift */,
			);
			path = Protocols;
			sourceTree = "<group>";
		};
		B995D3F52859CD0500F91C18 /* Extension */ = {
			isa = PBXGroup;
			children = (
				B995D3F62859CD0500F91C18 /* UIKit */,
			);
			path = Extension;
			sourceTree = "<group>";
		};
		B995D3F62859CD0500F91C18 /* UIKit */ = {
			isa = PBXGroup;
			children = (
				B995D4022859D5EF00F91C18 /* UICollectionView+Extension.swift */,
				B995D3F72859CD2B00F91C18 /* UIView+NibRepresentable.swift */,
			);
			path = UIKit;
			sourceTree = "<group>";
		};
		B995D3F92859D47000F91C18 /* Cells */ = {
			isa = PBXGroup;
			children = (
				B995D3FB2859D4A300F91C18 /* Loading */,
				B995D3FA2859D47D00F91C18 /* GiifyCollectionCell */,
			);
			path = Cells;
			sourceTree = "<group>";
		};
		B995D3FA2859D47D00F91C18 /* GiifyCollectionCell */ = {
			isa = PBXGroup;
			children = (
				B9536D262859DCB500823BEA /* GiifyCollectionViewCell.swift */,
				B9536D272859DCB500823BEA /* GiifyCollectionViewCell.xib */,
			);
			path = GiifyCollectionCell;
			sourceTree = "<group>";
		};
		B995D3FB2859D4A300F91C18 /* Loading */ = {
			isa = PBXGroup;
			children = (
				B995D3FC2859D4A300F91C18 /* LoadingCollectionCell.xib */,
				B995D3FD2859D4A300F91C18 /* LoadingItem.swift */,
				B995D3FE2859D4A300F91C18 /* LoadingCollectionCell.swift */,
			);
			path = Loading;
			sourceTree = "<group>";
		};
/* End PBXGroup section */

/* Begin PBXNativeTarget section */
		B995D3AE2859CBD600F91C18 /* Giffy */ = {
			isa = PBXNativeTarget;
			buildConfigurationList = B995D3D92859CBD700F91C18 /* Build configuration list for PBXNativeTarget "Giffy" */;
			buildPhases = (
				B995D3AB2859CBD600F91C18 /* Sources */,
				B995D3AC2859CBD600F91C18 /* Frameworks */,
				B995D3AD2859CBD600F91C18 /* Resources */,
			);
			buildRules = (
			);
			dependencies = (
			);
			name = Giffy;
			packageProductDependencies = (
				B9536D3B2859E7FC00823BEA /* Alamofire */,
			);
			productName = Giffy;
			productReference = B995D3AF2859CBD600F91C18 /* Giffy.app */;
			productType = "com.apple.product-type.application";
		};
		B995D3C42859CBD700F91C18 /* GiffyTests */ = {
			isa = PBXNativeTarget;
			buildConfigurationList = B995D3DC2859CBD700F91C18 /* Build configuration list for PBXNativeTarget "GiffyTests" */;
			buildPhases = (
				B995D3C12859CBD700F91C18 /* Sources */,
				B995D3C22859CBD700F91C18 /* Frameworks */,
				B995D3C32859CBD700F91C18 /* Resources */,
			);
			buildRules = (
			);
			dependencies = (
				B995D3C72859CBD700F91C18 /* PBXTargetDependency */,
			);
			name = GiffyTests;
			productName = GiffyTests;
			productReference = B995D3C52859CBD700F91C18 /* GiffyTests.xctest */;
			productType = "com.apple.product-type.bundle.unit-test";
		};
		B995D3CE2859CBD700F91C18 /* GiffyUITests */ = {
			isa = PBXNativeTarget;
			buildConfigurationList = B995D3DF2859CBD700F91C18 /* Build configuration list for PBXNativeTarget "GiffyUITests" */;
			buildPhases = (
				B995D3CB2859CBD700F91C18 /* Sources */,
				B995D3CC2859CBD700F91C18 /* Frameworks */,
				B995D3CD2859CBD700F91C18 /* Resources */,
			);
			buildRules = (
			);
			dependencies = (
				B995D3D12859CBD700F91C18 /* PBXTargetDependency */,
			);
			name = GiffyUITests;
			productName = GiffyUITests;
			productReference = B995D3CF2859CBD700F91C18 /* GiffyUITests.xctest */;
			productType = "com.apple.product-type.bundle.ui-testing";
		};
/* End PBXNativeTarget section */

/* Begin PBXProject section */
		B995D3A72859CBD600F91C18 /* Project object */ = {
			isa = PBXProject;
			attributes = {
				BuildIndependentTargetsInParallel = 1;
				LastSwiftUpdateCheck = 1320;
				LastUpgradeCheck = 1320;
				TargetAttributes = {
					B995D3AE2859CBD600F91C18 = {
						CreatedOnToolsVersion = 13.2.1;
					};
					B995D3C42859CBD700F91C18 = {
						CreatedOnToolsVersion = 13.2.1;
						TestTargetID = B995D3AE2859CBD600F91C18;
					};
					B995D3CE2859CBD700F91C18 = {
						CreatedOnToolsVersion = 13.2.1;
						TestTargetID = B995D3AE2859CBD600F91C18;
					};
				};
			};
			buildConfigurationList = B995D3AA2859CBD600F91C18 /* Build configuration list for PBXProject "Giffy" */;
			compatibilityVersion = "Xcode 13.0";
			developmentRegion = en;
			hasScannedForEncodings = 0;
			knownRegions = (
				en,
				Base,
			);
			mainGroup = B995D3A62859CBD600F91C18;
			packageReferences = (
				B9536D3A2859E7FC00823BEA /* XCRemoteSwiftPackageReference "Alamofire" */,
			);
			productRefGroup = B995D3B02859CBD600F91C18 /* Products */;
			projectDirPath = "";
			projectRoot = "";
			targets = (
				B995D3AE2859CBD600F91C18 /* Giffy */,
				B995D3C42859CBD700F91C18 /* GiffyTests */,
				B995D3CE2859CBD700F91C18 /* GiffyUITests */,
			);
		};
/* End PBXProject section */

/* Begin PBXResourcesBuildPhase section */
		B995D3AD2859CBD600F91C18 /* Resources */ = {
			isa = PBXResourcesBuildPhase;
			buildActionMask = 2147483647;
			files = (
				B995D3FF2859D4A400F91C18 /* LoadingCollectionCell.xib in Resources */,
				B995D3BF2859CBD700F91C18 /* LaunchScreen.storyboard in Resources */,
				B995D3BC2859CBD700F91C18 /* Assets.xcassets in Resources */,
				B9536D292859DCB500823BEA /* GiifyCollectionViewCell.xib in Resources */,
				B9536D392859E59700823BEA /* GiffyPlist.plist in Resources */,
				B995D3BA2859CBD600F91C18 /* Main.storyboard in Resources */,
			);
			runOnlyForDeploymentPostprocessing = 0;
		};
		B995D3C32859CBD700F91C18 /* Resources */ = {
			isa = PBXResourcesBuildPhase;
			buildActionMask = 2147483647;
			files = (
			);
			runOnlyForDeploymentPostprocessing = 0;
		};
		B995D3CD2859CBD700F91C18 /* Resources */ = {
			isa = PBXResourcesBuildPhase;
			buildActionMask = 2147483647;
			files = (
			);
			runOnlyForDeploymentPostprocessing = 0;
		};
/* End PBXResourcesBuildPhase section */

/* Begin PBXSourcesBuildPhase section */
		B995D3AB2859CBD600F91C18 /* Sources */ = {
			isa = PBXSourcesBuildPhase;
			buildActionMask = 2147483647;
			files = (
				B995D3EC2859CC4C00F91C18 /* GiffyListViewController.swift in Sources */,
				B995D4002859D4A400F91C18 /* LoadingItem.swift in Sources */,
				B995D3F82859CD2B00F91C18 /* UIView+NibRepresentable.swift in Sources */,
				B9536D322859E26200823BEA /* APIGifyService.swift in Sources */,
				B995D3EA2859CC4C00F91C18 /* GiffyListViewModel.swift in Sources */,
				B995D3B32859CBD600F91C18 /* AppDelegate.swift in Sources */,
				B9536D362859E26200823BEA /* BaseModel.swift in Sources */,
				B995D4012859D4A400F91C18 /* LoadingCollectionCell.swift in Sources */,
				B995D3B52859CBD600F91C18 /* SceneDelegate.swift in Sources */,
				B995D4032859D5EF00F91C18 /* UICollectionView+Extension.swift in Sources */,
				B9536D352859E26200823BEA /* BaseModel+Helper.swift in Sources */,
				B9536D412859F0C300823BEA /* GifAPIRepository.swift in Sources */,
				B9536D372859E26200823BEA /* APIService+Helper.swift in Sources */,
				B9536D282859DCB500823BEA /* GiifyCollectionViewCell.swift in Sources */,
				B995D3EB2859CC4C00F91C18 /* GiffyListViewCoordinator.swift in Sources */,
				B995D3F42859CC9E00F91C18 /* Coordinator.swift in Sources */,
				B9536D342859E26200823BEA /* APIService+URL.swift in Sources */,
				B9536D442859F51100823BEA /* TrendingGifModel.swift in Sources */,
				B9536D332859E26200823BEA /* GiffyServiceUtil.swift in Sources */,
			);
			runOnlyForDeploymentPostprocessing = 0;
		};
		B995D3C12859CBD700F91C18 /* Sources */ = {
			isa = PBXSourcesBuildPhase;
			buildActionMask = 2147483647;
			files = (
				B995D3CA2859CBD700F91C18 /* GiffyTests.swift in Sources */,
			);
			runOnlyForDeploymentPostprocessing = 0;
		};
		B995D3CB2859CBD700F91C18 /* Sources */ = {
			isa = PBXSourcesBuildPhase;
			buildActionMask = 2147483647;
			files = (
				B995D3D62859CBD700F91C18 /* GiffyUITestsLaunchTests.swift in Sources */,
				B995D3D42859CBD700F91C18 /* GiffyUITests.swift in Sources */,
			);
			runOnlyForDeploymentPostprocessing = 0;
		};
/* End PBXSourcesBuildPhase section */

/* Begin PBXTargetDependency section */
		B995D3C72859CBD700F91C18 /* PBXTargetDependency */ = {
			isa = PBXTargetDependency;
			target = B995D3AE2859CBD600F91C18 /* Giffy */;
			targetProxy = B995D3C62859CBD700F91C18 /* PBXContainerItemProxy */;
		};
		B995D3D12859CBD700F91C18 /* PBXTargetDependency */ = {
			isa = PBXTargetDependency;
			target = B995D3AE2859CBD600F91C18 /* Giffy */;
			targetProxy = B995D3D02859CBD700F91C18 /* PBXContainerItemProxy */;
		};
/* End PBXTargetDependency section */

/* Begin PBXVariantGroup section */
		B995D3B82859CBD600F91C18 /* Main.storyboard */ = {
			isa = PBXVariantGroup;
			children = (
				B995D3B92859CBD600F91C18 /* Base */,
			);
			name = Main.storyboard;
			sourceTree = "<group>";
		};
		B995D3BD2859CBD700F91C18 /* LaunchScreen.storyboard */ = {
			isa = PBXVariantGroup;
			children = (
				B995D3BE2859CBD700F91C18 /* Base */,
			);
			name = LaunchScreen.storyboard;
			sourceTree = "<group>";
		};
/* End PBXVariantGroup section */

/* Begin XCBuildConfiguration section */
		B995D3D72859CBD700F91C18 /* Debug */ = {
			isa = XCBuildConfiguration;
			buildSettings = {
				ALWAYS_SEARCH_USER_PATHS = NO;
				CLANG_ANALYZER_NONNULL = YES;
				CLANG_ANALYZER_NUMBER_OBJECT_CONVERSION = YES_AGGRESSIVE;
				CLANG_CXX_LANGUAGE_STANDARD = "gnu++17";
				CLANG_CXX_LIBRARY = "libc++";
				CLANG_ENABLE_MODULES = YES;
				CLANG_ENABLE_OBJC_ARC = YES;
				CLANG_ENABLE_OBJC_WEAK = YES;
				CLANG_WARN_BLOCK_CAPTURE_AUTORELEASING = YES;
				CLANG_WARN_BOOL_CONVERSION = YES;
				CLANG_WARN_COMMA = YES;
				CLANG_WARN_CONSTANT_CONVERSION = YES;
				CLANG_WARN_DEPRECATED_OBJC_IMPLEMENTATIONS = YES;
				CLANG_WARN_DIRECT_OBJC_ISA_USAGE = YES_ERROR;
				CLANG_WARN_DOCUMENTATION_COMMENTS = YES;
				CLANG_WARN_EMPTY_BODY = YES;
				CLANG_WARN_ENUM_CONVERSION = YES;
				CLANG_WARN_INFINITE_RECURSION = YES;
				CLANG_WARN_INT_CONVERSION = YES;
				CLANG_WARN_NON_LITERAL_NULL_CONVERSION = YES;
				CLANG_WARN_OBJC_IMPLICIT_RETAIN_SELF = YES;
				CLANG_WARN_OBJC_LITERAL_CONVERSION = YES;
				CLANG_WARN_OBJC_ROOT_CLASS = YES_ERROR;
				CLANG_WARN_QUOTED_INCLUDE_IN_FRAMEWORK_HEADER = YES;
				CLANG_WARN_RANGE_LOOP_ANALYSIS = YES;
				CLANG_WARN_STRICT_PROTOTYPES = YES;
				CLANG_WARN_SUSPICIOUS_MOVE = YES;
				CLANG_WARN_UNGUARDED_AVAILABILITY = YES_AGGRESSIVE;
				CLANG_WARN_UNREACHABLE_CODE = YES;
				CLANG_WARN__DUPLICATE_METHOD_MATCH = YES;
				COPY_PHASE_STRIP = NO;
				DEBUG_INFORMATION_FORMAT = dwarf;
				ENABLE_STRICT_OBJC_MSGSEND = YES;
				ENABLE_TESTABILITY = YES;
				GCC_C_LANGUAGE_STANDARD = gnu11;
				GCC_DYNAMIC_NO_PIC = NO;
				GCC_NO_COMMON_BLOCKS = YES;
				GCC_OPTIMIZATION_LEVEL = 0;
				GCC_PREPROCESSOR_DEFINITIONS = (
					"DEBUG=1",
					"$(inherited)",
				);
				GCC_WARN_64_TO_32_BIT_CONVERSION = YES;
				GCC_WARN_ABOUT_RETURN_TYPE = YES_ERROR;
				GCC_WARN_UNDECLARED_SELECTOR = YES;
				GCC_WARN_UNINITIALIZED_AUTOS = YES_AGGRESSIVE;
				GCC_WARN_UNUSED_FUNCTION = YES;
				GCC_WARN_UNUSED_VARIABLE = YES;
				IPHONEOS_DEPLOYMENT_TARGET = 15.2;
				MTL_ENABLE_DEBUG_INFO = INCLUDE_SOURCE;
				MTL_FAST_MATH = YES;
				ONLY_ACTIVE_ARCH = YES;
				SDKROOT = iphoneos;
				SWIFT_ACTIVE_COMPILATION_CONDITIONS = DEBUG;
				SWIFT_OPTIMIZATION_LEVEL = "-Onone";
			};
			name = Debug;
		};
		B995D3D82859CBD700F91C18 /* Release */ = {
			isa = XCBuildConfiguration;
			buildSettings = {
				ALWAYS_SEARCH_USER_PATHS = NO;
				CLANG_ANALYZER_NONNULL = YES;
				CLANG_ANALYZER_NUMBER_OBJECT_CONVERSION = YES_AGGRESSIVE;
				CLANG_CXX_LANGUAGE_STANDARD = "gnu++17";
				CLANG_CXX_LIBRARY = "libc++";
				CLANG_ENABLE_MODULES = YES;
				CLANG_ENABLE_OBJC_ARC = YES;
				CLANG_ENABLE_OBJC_WEAK = YES;
				CLANG_WARN_BLOCK_CAPTURE_AUTORELEASING = YES;
				CLANG_WARN_BOOL_CONVERSION = YES;
				CLANG_WARN_COMMA = YES;
				CLANG_WARN_CONSTANT_CONVERSION = YES;
				CLANG_WARN_DEPRECATED_OBJC_IMPLEMENTATIONS = YES;
				CLANG_WARN_DIRECT_OBJC_ISA_USAGE = YES_ERROR;
				CLANG_WARN_DOCUMENTATION_COMMENTS = YES;
				CLANG_WARN_EMPTY_BODY = YES;
				CLANG_WARN_ENUM_CONVERSION = YES;
				CLANG_WARN_INFINITE_RECURSION = YES;
				CLANG_WARN_INT_CONVERSION = YES;
				CLANG_WARN_NON_LITERAL_NULL_CONVERSION = YES;
				CLANG_WARN_OBJC_IMPLICIT_RETAIN_SELF = YES;
				CLANG_WARN_OBJC_LITERAL_CONVERSION = YES;
				CLANG_WARN_OBJC_ROOT_CLASS = YES_ERROR;
				CLANG_WARN_QUOTED_INCLUDE_IN_FRAMEWORK_HEADER = YES;
				CLANG_WARN_RANGE_LOOP_ANALYSIS = YES;
				CLANG_WARN_STRICT_PROTOTYPES = YES;
				CLANG_WARN_SUSPICIOUS_MOVE = YES;
				CLANG_WARN_UNGUARDED_AVAILABILITY = YES_AGGRESSIVE;
				CLANG_WARN_UNREACHABLE_CODE = YES;
				CLANG_WARN__DUPLICATE_METHOD_MATCH = YES;
				COPY_PHASE_STRIP = NO;
				DEBUG_INFORMATION_FORMAT = "dwarf-with-dsym";
				ENABLE_NS_ASSERTIONS = NO;
				ENABLE_STRICT_OBJC_MSGSEND = YES;
				GCC_C_LANGUAGE_STANDARD = gnu11;
				GCC_NO_COMMON_BLOCKS = YES;
				GCC_WARN_64_TO_32_BIT_CONVERSION = YES;
				GCC_WARN_ABOUT_RETURN_TYPE = YES_ERROR;
				GCC_WARN_UNDECLARED_SELECTOR = YES;
				GCC_WARN_UNINITIALIZED_AUTOS = YES_AGGRESSIVE;
				GCC_WARN_UNUSED_FUNCTION = YES;
				GCC_WARN_UNUSED_VARIABLE = YES;
				IPHONEOS_DEPLOYMENT_TARGET = 15.2;
				MTL_ENABLE_DEBUG_INFO = NO;
				MTL_FAST_MATH = YES;
				SDKROOT = iphoneos;
				SWIFT_COMPILATION_MODE = wholemodule;
				SWIFT_OPTIMIZATION_LEVEL = "-O";
				VALIDATE_PRODUCT = YES;
			};
			name = Release;
		};
		B995D3DA2859CBD700F91C18 /* Debug */ = {
			isa = XCBuildConfiguration;
			buildSettings = {
				ASSETCATALOG_COMPILER_APPICON_NAME = AppIcon;
				ASSETCATALOG_COMPILER_GLOBAL_ACCENT_COLOR_NAME = AccentColor;
				CODE_SIGN_STYLE = Automatic;
				CURRENT_PROJECT_VERSION = 1;
				GENERATE_INFOPLIST_FILE = YES;
				INFOPLIST_FILE = Giffy/Info.plist;
				INFOPLIST_KEY_UIApplicationSupportsIndirectInputEvents = YES;
				INFOPLIST_KEY_UILaunchStoryboardName = LaunchScreen;
				INFOPLIST_KEY_UIMainStoryboardFile = Main;
				INFOPLIST_KEY_UISupportedInterfaceOrientations_iPad = "UIInterfaceOrientationPortrait UIInterfaceOrientationPortraitUpsideDown UIInterfaceOrientationLandscapeLeft UIInterfaceOrientationLandscapeRight";
				INFOPLIST_KEY_UISupportedInterfaceOrientations_iPhone = "UIInterfaceOrientationPortrait UIInterfaceOrientationLandscapeLeft UIInterfaceOrientationLandscapeRight";
				LD_RUNPATH_SEARCH_PATHS = (
					"$(inherited)",
					"@executable_path/Frameworks",
				);
				MARKETING_VERSION = 1.0;
				PRODUCT_BUNDLE_IDENTIFIER = UITestSampleIdentifier.Giffy;
				PRODUCT_NAME = "$(TARGET_NAME)";
				SWIFT_EMIT_LOC_STRINGS = YES;
				SWIFT_VERSION = 5.0;
				TARGETED_DEVICE_FAMILY = "1,2";
			};
			name = Debug;
		};
		B995D3DB2859CBD700F91C18 /* Release */ = {
			isa = XCBuildConfiguration;
			buildSettings = {
				ASSETCATALOG_COMPILER_APPICON_NAME = AppIcon;
				ASSETCATALOG_COMPILER_GLOBAL_ACCENT_COLOR_NAME = AccentColor;
				CODE_SIGN_STYLE = Automatic;
				CURRENT_PROJECT_VERSION = 1;
				GENERATE_INFOPLIST_FILE = YES;
				INFOPLIST_FILE = Giffy/Info.plist;
				INFOPLIST_KEY_UIApplicationSupportsIndirectInputEvents = YES;
				INFOPLIST_KEY_UILaunchStoryboardName = LaunchScreen;
				INFOPLIST_KEY_UIMainStoryboardFile = Main;
				INFOPLIST_KEY_UISupportedInterfaceOrientations_iPad = "UIInterfaceOrientationPortrait UIInterfaceOrientationPortraitUpsideDown UIInterfaceOrientationLandscapeLeft UIInterfaceOrientationLandscapeRight";
				INFOPLIST_KEY_UISupportedInterfaceOrientations_iPhone = "UIInterfaceOrientationPortrait UIInterfaceOrientationLandscapeLeft UIInterfaceOrientationLandscapeRight";
				LD_RUNPATH_SEARCH_PATHS = (
					"$(inherited)",
					"@executable_path/Frameworks",
				);
				MARKETING_VERSION = 1.0;
				PRODUCT_BUNDLE_IDENTIFIER = UITestSampleIdentifier.Giffy;
				PRODUCT_NAME = "$(TARGET_NAME)";
				SWIFT_EMIT_LOC_STRINGS = YES;
				SWIFT_VERSION = 5.0;
				TARGETED_DEVICE_FAMILY = "1,2";
			};
			name = Release;
		};
		B995D3DD2859CBD700F91C18 /* Debug */ = {
			isa = XCBuildConfiguration;
			buildSettings = {
				ALWAYS_EMBED_SWIFT_STANDARD_LIBRARIES = YES;
				BUNDLE_LOADER = "$(TEST_HOST)";
				CODE_SIGN_STYLE = Automatic;
				CURRENT_PROJECT_VERSION = 1;
				GENERATE_INFOPLIST_FILE = YES;
				IPHONEOS_DEPLOYMENT_TARGET = 15.2;
				MARKETING_VERSION = 1.0;
				PRODUCT_BUNDLE_IDENTIFIER = UITestSampleIdentifier.GiffyTests;
				PRODUCT_NAME = "$(TARGET_NAME)";
				SWIFT_EMIT_LOC_STRINGS = NO;
				SWIFT_VERSION = 5.0;
				TARGETED_DEVICE_FAMILY = "1,2";
				TEST_HOST = "$(BUILT_PRODUCTS_DIR)/Giffy.app/Giffy";
			};
			name = Debug;
		};
		B995D3DE2859CBD700F91C18 /* Release */ = {
			isa = XCBuildConfiguration;
			buildSettings = {
				ALWAYS_EMBED_SWIFT_STANDARD_LIBRARIES = YES;
				BUNDLE_LOADER = "$(TEST_HOST)";
				CODE_SIGN_STYLE = Automatic;
				CURRENT_PROJECT_VERSION = 1;
				GENERATE_INFOPLIST_FILE = YES;
				IPHONEOS_DEPLOYMENT_TARGET = 15.2;
				MARKETING_VERSION = 1.0;
				PRODUCT_BUNDLE_IDENTIFIER = UITestSampleIdentifier.GiffyTests;
				PRODUCT_NAME = "$(TARGET_NAME)";
				SWIFT_EMIT_LOC_STRINGS = NO;
				SWIFT_VERSION = 5.0;
				TARGETED_DEVICE_FAMILY = "1,2";
				TEST_HOST = "$(BUILT_PRODUCTS_DIR)/Giffy.app/Giffy";
			};
			name = Release;
		};
		B995D3E02859CBD700F91C18 /* Debug */ = {
			isa = XCBuildConfiguration;
			buildSettings = {
				ALWAYS_EMBED_SWIFT_STANDARD_LIBRARIES = YES;
				CODE_SIGN_STYLE = Automatic;
				CURRENT_PROJECT_VERSION = 1;
				GENERATE_INFOPLIST_FILE = YES;
				MARKETING_VERSION = 1.0;
				PRODUCT_BUNDLE_IDENTIFIER = UITestSampleIdentifier.GiffyUITests;
				PRODUCT_NAME = "$(TARGET_NAME)";
				SWIFT_EMIT_LOC_STRINGS = NO;
				SWIFT_VERSION = 5.0;
				TARGETED_DEVICE_FAMILY = "1,2";
				TEST_TARGET_NAME = Giffy;
			};
			name = Debug;
		};
		B995D3E12859CBD700F91C18 /* Release */ = {
			isa = XCBuildConfiguration;
			buildSettings = {
				ALWAYS_EMBED_SWIFT_STANDARD_LIBRARIES = YES;
				CODE_SIGN_STYLE = Automatic;
				CURRENT_PROJECT_VERSION = 1;
				GENERATE_INFOPLIST_FILE = YES;
				MARKETING_VERSION = 1.0;
				PRODUCT_BUNDLE_IDENTIFIER = UITestSampleIdentifier.GiffyUITests;
				PRODUCT_NAME = "$(TARGET_NAME)";
				SWIFT_EMIT_LOC_STRINGS = NO;
				SWIFT_VERSION = 5.0;
				TARGETED_DEVICE_FAMILY = "1,2";
				TEST_TARGET_NAME = Giffy;
			};
			name = Release;
		};
/* End XCBuildConfiguration section */

/* Begin XCConfigurationList section */
		B995D3AA2859CBD600F91C18 /* Build configuration list for PBXProject "Giffy" */ = {
			isa = XCConfigurationList;
			buildConfigurations = (
				B995D3D72859CBD700F91C18 /* Debug */,
				B995D3D82859CBD700F91C18 /* Release */,
			);
			defaultConfigurationIsVisible = 0;
			defaultConfigurationName = Release;
		};
		B995D3D92859CBD700F91C18 /* Build configuration list for PBXNativeTarget "Giffy" */ = {
			isa = XCConfigurationList;
			buildConfigurations = (
				B995D3DA2859CBD700F91C18 /* Debug */,
				B995D3DB2859CBD700F91C18 /* Release */,
			);
			defaultConfigurationIsVisible = 0;
			defaultConfigurationName = Release;
		};
		B995D3DC2859CBD700F91C18 /* Build configuration list for PBXNativeTarget "GiffyTests" */ = {
			isa = XCConfigurationList;
			buildConfigurations = (
				B995D3DD2859CBD700F91C18 /* Debug */,
				B995D3DE2859CBD700F91C18 /* Release */,
			);
			defaultConfigurationIsVisible = 0;
			defaultConfigurationName = Release;
		};
		B995D3DF2859CBD700F91C18 /* Build configuration list for PBXNativeTarget "GiffyUITests" */ = {
			isa = XCConfigurationList;
			buildConfigurations = (
				B995D3E02859CBD700F91C18 /* Debug */,
				B995D3E12859CBD700F91C18 /* Release */,
			);
			defaultConfigurationIsVisible = 0;
			defaultConfigurationName = Release;
		};
/* End XCConfigurationList section */

/* Begin XCRemoteSwiftPackageReference section */
		B9536D3A2859E7FC00823BEA /* XCRemoteSwiftPackageReference "Alamofire" */ = {
			isa = XCRemoteSwiftPackageReference;
			repositoryURL = "https://github.com/Alamofire/Alamofire.git";
			requirement = {
				kind = exactVersion;
				version = 4.9.1;
			};
		};
/* End XCRemoteSwiftPackageReference section */

/* Begin XCSwiftPackageProductDependency section */
		B9536D3B2859E7FC00823BEA /* Alamofire */ = {
			isa = XCSwiftPackageProductDependency;
			package = B9536D3A2859E7FC00823BEA /* XCRemoteSwiftPackageReference "Alamofire" */;
			productName = Alamofire;
		};
/* End XCSwiftPackageProductDependency section */
	};
	rootObject = B995D3A72859CBD600F91C18 /* Project object */;
}
